// !$*UTF8*$!
{
	archiveVersion = 1;
	classes = {
	};
	objectVersion = 56;
	objects = {

/* Begin PBXBuildFile section */
		B9F9F68E29E683B7002EB6D4 /* AppDelegate.swift in Sources */ = {isa = PBXBuildFile; fileRef = B9F9F68D29E683B7002EB6D4 /* AppDelegate.swift */; };
		B9F9F69029E683B7002EB6D4 /* SceneDelegate.swift in Sources */ = {isa = PBXBuildFile; fileRef = B9F9F68F29E683B7002EB6D4 /* SceneDelegate.swift */; };
		B9F9F69529E683B7002EB6D4 /* Main.storyboard in Resources */ = {isa = PBXBuildFile; fileRef = B9F9F69329E683B7002EB6D4 /* Main.storyboard */; };
		B9F9F69729E683B8002EB6D4 /* Assets.xcassets in Resources */ = {isa = PBXBuildFile; fileRef = B9F9F69629E683B8002EB6D4 /* Assets.xcassets */; };
		B9F9F69A29E683B8002EB6D4 /* LaunchScreen.storyboard in Resources */ = {isa = PBXBuildFile; fileRef = B9F9F69829E683B8002EB6D4 /* LaunchScreen.storyboard */; };
		B9F9F6A229E68477002EB6D4 /* ViewController.swift in Sources */ = {isa = PBXBuildFile; fileRef = B9F9F6A129E68477002EB6D4 /* ViewController.swift */; };
		B9F9F6A429E6848B002EB6D4 /* ResultViewController.swift in Sources */ = {isa = PBXBuildFile; fileRef = B9F9F6A329E6848B002EB6D4 /* ResultViewController.swift */; };
		B9F9F6A729E684DC002EB6D4 /* FirstTableViewCell.swift in Sources */ = {isa = PBXBuildFile; fileRef = B9F9F6A529E684DC002EB6D4 /* FirstTableViewCell.swift */; };
		B9F9F6A829E684DC002EB6D4 /* FirstTableViewCell.xib in Resources */ = {isa = PBXBuildFile; fileRef = B9F9F6A629E684DC002EB6D4 /* FirstTableViewCell.xib */; };
		B9F9F6AB29E684EF002EB6D4 /* SecondTableViewCell.swift in Sources */ = {isa = PBXBuildFile; fileRef = B9F9F6A929E684EF002EB6D4 /* SecondTableViewCell.swift */; };
		B9F9F6AC29E684EF002EB6D4 /* SecondTableViewCell.xib in Resources */ = {isa = PBXBuildFile; fileRef = B9F9F6AA29E684EF002EB6D4 /* SecondTableViewCell.xib */; };
		B9F9F6B229E69410002EB6D4 /* Vegetable.swift in Sources */ = {isa = PBXBuildFile; fileRef = B9F9F6B129E69410002EB6D4 /* Vegetable.swift */; };
		B9F9F6B429E6946C002EB6D4 /* Vegetables.json in Resources */ = {isa = PBXBuildFile; fileRef = B9F9F6B329E6946C002EB6D4 /* Vegetables.json */; };
/* End PBXBuildFile section */

/* Begin PBXFileReference section */
		B9F9F68A29E683B7002EB6D4 /* VegetableData.app */ = {isa = PBXFileReference; explicitFileType = wrapper.application; includeInIndex = 0; path = VegetableData.app; sourceTree = BUILT_PRODUCTS_DIR; };
		B9F9F68D29E683B7002EB6D4 /* AppDelegate.swift */ = {isa = PBXFileReference; lastKnownFileType = sourcecode.swift; path = AppDelegate.swift; sourceTree = "<group>"; };
		B9F9F68F29E683B7002EB6D4 /* SceneDelegate.swift */ = {isa = PBXFileReference; lastKnownFileType = sourcecode.swift; path = SceneDelegate.swift; sourceTree = "<group>"; };
		B9F9F69429E683B7002EB6D4 /* Base */ = {isa = PBXFileReference; lastKnownFileType = file.storyboard; name = Base; path = Base.lproj/Main.storyboard; sourceTree = "<group>"; };
		B9F9F69629E683B8002EB6D4 /* Assets.xcassets */ = {isa = PBXFileReference; lastKnownFileType = folder.assetcatalog; path = Assets.xcassets; sourceTree = "<group>"; };
		B9F9F69929E683B8002EB6D4 /* Base */ = {isa = PBXFileReference; lastKnownFileType = file.storyboard; name = Base; path = Base.lproj/LaunchScreen.storyboard; sourceTree = "<group>"; };
		B9F9F69B29E683B8002EB6D4 /* Info.plist */ = {isa = PBXFileReference; lastKnownFileType = text.plist.xml; path = Info.plist; sourceTree = "<group>"; };
		B9F9F6A129E68477002EB6D4 /* ViewController.swift */ = {isa = PBXFileReference; lastKnownFileType = sourcecode.swift; path = ViewController.swift; sourceTree = "<group>"; };
		B9F9F6A329E6848B002EB6D4 /* ResultViewController.swift */ = {isa = PBXFileReference; lastKnownFileType = sourcecode.swift; path = ResultViewController.swift; sourceTree = "<group>"; };
		B9F9F6A529E684DC002EB6D4 /* FirstTableViewCell.swift */ = {isa = PBXFileReference; lastKnownFileType = sourcecode.swift; path = FirstTableViewCell.swift; sourceTree = "<group>"; };
		B9F9F6A629E684DC002EB6D4 /* FirstTableViewCell.xib */ = {isa = PBXFileReference; lastKnownFileType = file.xib; path = FirstTableViewCell.xib; sourceTree = "<group>"; };
		B9F9F6A929E684EF002EB6D4 /* SecondTableViewCell.swift */ = {isa = PBXFileReference; lastKnownFileType = sourcecode.swift; path = SecondTableViewCell.swift; sourceTree = "<group>"; };
		B9F9F6AA29E684EF002EB6D4 /* SecondTableViewCell.xib */ = {isa = PBXFileReference; lastKnownFileType = file.xib; path = SecondTableViewCell.xib; sourceTree = "<group>"; };
		B9F9F6B129E69410002EB6D4 /* Vegetable.swift */ = {isa = PBXFileReference; lastKnownFileType = sourcecode.swift; path = Vegetable.swift; sourceTree = "<group>"; };
		B9F9F6B329E6946C002EB6D4 /* Vegetables.json */ = {isa = PBXFileReference; lastKnownFileType = text.json; path = Vegetables.json; sourceTree = "<group>"; };
/* End PBXFileReference section */

/* Begin PBXFrameworksBuildPhase section */
		B9F9F68729E683B7002EB6D4 /* Frameworks */ = {
			isa = PBXFrameworksBuildPhase;
			buildActionMask = 2147483647;
			files = (
			);
			runOnlyForDeploymentPostprocessing = 0;
		};
/* End PBXFrameworksBuildPhase section */

/* Begin PBXGroup section */
		B9F9F68129E683B7002EB6D4 = {
			isa = PBXGroup;
			children = (
				B9F9F68C29E683B7002EB6D4 /* VegetableData */,
				B9F9F68B29E683B7002EB6D4 /* Products */,
			);
			sourceTree = "<group>";
		};
		B9F9F68B29E683B7002EB6D4 /* Products */ = {
			isa = PBXGroup;
			children = (
				B9F9F68A29E683B7002EB6D4 /* VegetableData.app */,
			);
			name = Products;
			sourceTree = "<group>";
		};
		B9F9F68C29E683B7002EB6D4 /* VegetableData */ = {
			isa = PBXGroup;
			children = (
				B9F9F68D29E683B7002EB6D4 /* AppDelegate.swift */,
				B9F9F68F29E683B7002EB6D4 /* SceneDelegate.swift */,
				B9F9F6A129E68477002EB6D4 /* ViewController.swift */,
				B9F9F6A329E6848B002EB6D4 /* ResultViewController.swift */,
				B9F9F6A529E684DC002EB6D4 /* FirstTableViewCell.swift */,
				B9F9F6A629E684DC002EB6D4 /* FirstTableViewCell.xib */,
				B9F9F6A929E684EF002EB6D4 /* SecondTableViewCell.swift */,
				B9F9F6AA29E684EF002EB6D4 /* SecondTableViewCell.xib */,
				B9F9F6B129E69410002EB6D4 /* Vegetable.swift */,
				B9F9F6B329E6946C002EB6D4 /* Vegetables.json */,
				B9F9F69329E683B7002EB6D4 /* Main.storyboard */,
				B9F9F69629E683B8002EB6D4 /* Assets.xcassets */,
				B9F9F69829E683B8002EB6D4 /* LaunchScreen.storyboard */,
				B9F9F69B29E683B8002EB6D4 /* Info.plist */,
			);
			path = VegetableData;
			sourceTree = "<group>";
		};
/* End PBXGroup section */

/* Begin PBXNativeTarget section */
		B9F9F68929E683B7002EB6D4 /* VegetableData */ = {
			isa = PBXNativeTarget;
			buildConfigurationList = B9F9F69E29E683B8002EB6D4 /* Build configuration list for PBXNativeTarget "VegetableData" */;
			buildPhases = (
				B9F9F68629E683B7002EB6D4 /* Sources */,
				B9F9F68729E683B7002EB6D4 /* Frameworks */,
				B9F9F68829E683B7002EB6D4 /* Resources */,
			);
			buildRules = (
			);
			dependencies = (
			);
			name = VegetableData;
			productName = VegetableData;
			productReference = B9F9F68A29E683B7002EB6D4 /* VegetableData.app */;
			productType = "com.apple.product-type.application";
		};
/* End PBXNativeTarget section */

/* Begin PBXProject section */
		B9F9F68229E683B7002EB6D4 /* Project object */ = {
			isa = PBXProject;
			attributes = {
				BuildIndependentTargetsInParallel = 1;
				LastSwiftUpdateCheck = 1430;
				LastUpgradeCheck = 1430;
				TargetAttributes = {
					B9F9F68929E683B7002EB6D4 = {
						CreatedOnToolsVersion = 14.3;
					};
				};
			};
			buildConfigurationList = B9F9F68529E683B7002EB6D4 /* Build configuration list for PBXProject "VegetableData" */;
			compatibilityVersion = "Xcode 14.0";
			developmentRegion = en;
			hasScannedForEncodings = 0;
			knownRegions = (
				en,
				Base,
			);
			mainGroup = B9F9F68129E683B7002EB6D4;
			productRefGroup = B9F9F68B29E683B7002EB6D4 /* Products */;
			projectDirPath = "";
			projectRoot = "";
			targets = (
				B9F9F68929E683B7002EB6D4 /* VegetableData */,
			);
		};
/* End PBXProject section */

/* Begin PBXResourcesBuildPhase section */
		B9F9F68829E683B7002EB6D4 /* Resources */ = {
			isa = PBXResourcesBuildPhase;
			buildActionMask = 2147483647;
			files = (
				B9F9F69A29E683B8002EB6D4 /* LaunchScreen.storyboard in Resources */,
				B9F9F6B429E6946C002EB6D4 /* Vegetables.json in Resources */,
				B9F9F69729E683B8002EB6D4 /* Assets.xcassets in Resources */,
				B9F9F6AC29E684EF002EB6D4 /* SecondTableViewCell.xib in Resources */,
				B9F9F6A829E684DC002EB6D4 /* FirstTableViewCell.xib in Resources */,
				B9F9F69529E683B7002EB6D4 /* Main.storyboard in Resources */,
			);
			runOnlyForDeploymentPostprocessing = 0;
		};
/* End PBXResourcesBuildPhase section */

/* Begin PBXSourcesBuildPhase section */
		B9F9F68629E683B7002EB6D4 /* Sources */ = {
			isa = PBXSourcesBuildPhase;
			buildActionMask = 2147483647;
			files = (
				B9F9F6A229E68477002EB6D4 /* ViewController.swift in Sources */,
				B9F9F68E29E683B7002EB6D4 /* AppDelegate.swift in Sources */,
				B9F9F6B229E69410002EB6D4 /* Vegetable.swift in Sources */,
				B9F9F6A729E684DC002EB6D4 /* FirstTableViewCell.swift in Sources */,
				B9F9F69029E683B7002EB6D4 /* SceneDelegate.swift in Sources */,
				B9F9F6A429E6848B002EB6D4 /* ResultViewController.swift in Sources */,
				B9F9F6AB29E684EF002EB6D4 /* SecondTableViewCell.swift in Sources */,
			);
			runOnlyForDeploymentPostprocessing = 0;
		};
/* End PBXSourcesBuildPhase section */

/* Begin PBXVariantGroup section */
		B9F9F69329E683B7002EB6D4 /* Main.storyboard */ = {
			isa = PBXVariantGroup;
			children = (
				B9F9F69429E683B7002EB6D4 /* Base */,
			);
			name = Main.storyboard;
			sourceTree = "<group>";
		};
		B9F9F69829E683B8002EB6D4 /* LaunchScreen.storyboard */ = {
			isa = PBXVariantGroup;
			children = (
				B9F9F69929E683B8002EB6D4 /* Base */,
			);
			name = LaunchScreen.storyboard;
			sourceTree = "<group>";
		};
/* End PBXVariantGroup section */

/* Begin XCBuildConfiguration section */
		B9F9F69C29E683B8002EB6D4 /* Debug */ = {
			isa = XCBuildConfiguration;
			buildSettings = {
				ALWAYS_SEARCH_USER_PATHS = NO;
				CLANG_ANALYZER_NONNULL = YES;
				CLANG_ANALYZER_NUMBER_OBJECT_CONVERSION = YES_AGGRESSIVE;
				CLANG_CXX_LANGUAGE_STANDARD = "gnu++20";
				CLANG_ENABLE_MODULES = YES;
				CLANG_ENABLE_OBJC_ARC = YES;
				CLANG_ENABLE_OBJC_WEAK = YES;
				CLANG_WARN_BLOCK_CAPTURE_AUTORELEASING = YES;
				CLANG_WARN_BOOL_CONVERSION = YES;
				CLANG_WARN_COMMA = YES;
				CLANG_WARN_CONSTANT_CONVERSION = YES;
				CLANG_WARN_DEPRECATED_OBJC_IMPLEMENTATIONS = YES;
				CLANG_WARN_DIRECT_OBJC_ISA_USAGE = YES_ERROR;
				CLANG_WARN_DOCUMENTATION_COMMENTS = YES;
				CLANG_WARN_EMPTY_BODY = YES;
				CLANG_WARN_ENUM_CONVERSION = YES;
				CLANG_WARN_INFINITE_RECURSION = YES;
				CLANG_WARN_INT_CONVERSION = YES;
				CLANG_WARN_NON_LITERAL_NULL_CONVERSION = YES;
				CLANG_WARN_OBJC_IMPLICIT_RETAIN_SELF = YES;
				CLANG_WARN_OBJC_LITERAL_CONVERSION = YES;
				CLANG_WARN_OBJC_ROOT_CLASS = YES_ERROR;
				CLANG_WARN_QUOTED_INCLUDE_IN_FRAMEWORK_HEADER = YES;
				CLANG_WARN_RANGE_LOOP_ANALYSIS = YES;
				CLANG_WARN_STRICT_PROTOTYPES = YES;
				CLANG_WARN_SUSPICIOUS_MOVE = YES;
				CLANG_WARN_UNGUARDED_AVAILABILITY = YES_AGGRESSIVE;
				CLANG_WARN_UNREACHABLE_CODE = YES;
				CLANG_WARN__DUPLICATE_METHOD_MATCH = YES;
				COPY_PHASE_STRIP = NO;
				DEBUG_INFORMATION_FORMAT = dwarf;
				ENABLE_STRICT_OBJC_MSGSEND = YES;
				ENABLE_TESTABILITY = YES;
				GCC_C_LANGUAGE_STANDARD = gnu11;
				GCC_DYNAMIC_NO_PIC = NO;
				GCC_NO_COMMON_BLOCKS = YES;
				GCC_OPTIMIZATION_LEVEL = 0;
				GCC_PREPROCESSOR_DEFINITIONS = (
					"DEBUG=1",
					"$(inherited)",
				);
				GCC_WARN_64_TO_32_BIT_CONVERSION = YES;
				GCC_WARN_ABOUT_RETURN_TYPE = YES_ERROR;
				GCC_WARN_UNDECLARED_SELECTOR = YES;
				GCC_WARN_UNINITIALIZED_AUTOS = YES_AGGRESSIVE;
				GCC_WARN_UNUSED_FUNCTION = YES;
				GCC_WARN_UNUSED_VARIABLE = YES;
				IPHONEOS_DEPLOYMENT_TARGET = 16.4;
				MTL_ENABLE_DEBUG_INFO = INCLUDE_SOURCE;
				MTL_FAST_MATH = YES;
				ONLY_ACTIVE_ARCH = YES;
				SDKROOT = iphoneos;
				SWIFT_ACTIVE_COMPILATION_CONDITIONS = DEBUG;
				SWIFT_OPTIMIZATION_LEVEL = "-Onone";
			};
			name = Debug;
		};
		B9F9F69D29E683B8002EB6D4 /* Release */ = {
			isa = XCBuildConfiguration;
			buildSettings = {
				ALWAYS_SEARCH_USER_PATHS = NO;
				CLANG_ANALYZER_NONNULL = YES;
				CLANG_ANALYZER_NUMBER_OBJECT_CONVERSION = YES_AGGRESSIVE;
				CLANG_CXX_LANGUAGE_STANDARD = "gnu++20";
				CLANG_ENABLE_MODULES = YES;
				CLANG_ENABLE_OBJC_ARC = YES;
				CLANG_ENABLE_OBJC_WEAK = YES;
				CLANG_WARN_BLOCK_CAPTURE_AUTORELEASING = YES;
				CLANG_WARN_BOOL_CONVERSION = YES;
				CLANG_WARN_COMMA = YES;
				CLANG_WARN_CONSTANT_CONVERSION = YES;
				CLANG_WARN_DEPRECATED_OBJC_IMPLEMENTATIONS = YES;
				CLANG_WARN_DIRECT_OBJC_ISA_USAGE = YES_ERROR;
				CLANG_WARN_DOCUMENTATION_COMMENTS = YES;
				CLANG_WARN_EMPTY_BODY = YES;
				CLANG_WARN_ENUM_CONVERSION = YES;
				CLANG_WARN_INFINITE_RECURSION = YES;
				CLANG_WARN_INT_CONVERSION = YES;
				CLANG_WARN_NON_LITERAL_NULL_CONVERSION = YES;
				CLANG_WARN_OBJC_IMPLICIT_RETAIN_SELF = YES;
				CLANG_WARN_OBJC_LITERAL_CONVERSION = YES;
				CLANG_WARN_OBJC_ROOT_CLASS = YES_ERROR;
				CLANG_WARN_QUOTED_INCLUDE_IN_FRAMEWORK_HEADER = YES;
				CLANG_WARN_RANGE_LOOP_ANALYSIS = YES;
				CLANG_WARN_STRICT_PROTOTYPES = YES;
				CLANG_WARN_SUSPICIOUS_MOVE = YES;
				CLANG_WARN_UNGUARDED_AVAILABILITY = YES_AGGRESSIVE;
				CLANG_WARN_UNREACHABLE_CODE = YES;
				CLANG_WARN__DUPLICATE_METHOD_MATCH = YES;
				COPY_PHASE_STRIP = NO;
				DEBUG_INFORMATION_FORMAT = "dwarf-with-dsym";
				ENABLE_NS_ASSERTIONS = NO;
				ENABLE_STRICT_OBJC_MSGSEND = YES;
				GCC_C_LANGUAGE_STANDARD = gnu11;
				GCC_NO_COMMON_BLOCKS = YES;
				GCC_WARN_64_TO_32_BIT_CONVERSION = YES;
				GCC_WARN_ABOUT_RETURN_TYPE = YES_ERROR;
				GCC_WARN_UNDECLARED_SELECTOR = YES;
				GCC_WARN_UNINITIALIZED_AUTOS = YES_AGGRESSIVE;
				GCC_WARN_UNUSED_FUNCTION = YES;
				GCC_WARN_UNUSED_VARIABLE = YES;
				IPHONEOS_DEPLOYMENT_TARGET = 16.4;
				MTL_ENABLE_DEBUG_INFO = NO;
				MTL_FAST_MATH = YES;
				SDKROOT = iphoneos;
				SWIFT_COMPILATION_MODE = wholemodule;
				SWIFT_OPTIMIZATION_LEVEL = "-O";
				VALIDATE_PRODUCT = YES;
			};
			name = Release;
		};
		B9F9F69F29E683B8002EB6D4 /* Debug */ = {
			isa = XCBuildConfiguration;
			buildSettings = {
				ASSETCATALOG_COMPILER_APPICON_NAME = AppIcon;
				ASSETCATALOG_COMPILER_GLOBAL_ACCENT_COLOR_NAME = AccentColor;
				CODE_SIGN_STYLE = Automatic;
				CURRENT_PROJECT_VERSION = 1;
				GENERATE_INFOPLIST_FILE = YES;
				INFOPLIST_FILE = VegetableData/Info.plist;
				INFOPLIST_KEY_UIApplicationSupportsIndirectInputEvents = YES;
				INFOPLIST_KEY_UILaunchStoryboardName = LaunchScreen;
				INFOPLIST_KEY_UIMainStoryboardFile = Main;
				INFOPLIST_KEY_UISupportedInterfaceOrientations_iPad = "UIInterfaceOrientationPortrait UIInterfaceOrientationPortraitUpsideDown UIInterfaceOrientationLandscapeLeft UIInterfaceOrientationLandscapeRight";
				INFOPLIST_KEY_UISupportedInterfaceOrientations_iPhone = "UIInterfaceOrientationPortrait UIInterfaceOrientationLandscapeLeft UIInterfaceOrientationLandscapeRight";
				LD_RUNPATH_SEARCH_PATHS = (
					"$(inherited)",
					"@executable_path/Frameworks",
				);
				MARKETING_VERSION = 1.0;
				PRODUCT_BUNDLE_IDENTIFIER = com.sakshiyelmame.VegetableData;
				PRODUCT_NAME = "$(TARGET_NAME)";
				SWIFT_EMIT_LOC_STRINGS = YES;
				SWIFT_VERSION = 5.0;
				TARGETED_DEVICE_FAMILY = "1,2";
			};
			name = Debug;
		};
		B9F9F6A029E683B8002EB6D4 /* Release */ = {
			isa = XCBuildConfiguration;
			buildSettings = {
				ASSETCATALOG_COMPILER_APPICON_NAME = AppIcon;
				ASSETCATALOG_COMPILER_GLOBAL_ACCENT_COLOR_NAME = AccentColor;
				CODE_SIGN_STYLE = Automatic;
				CURRENT_PROJECT_VERSION = 1;
				GENERATE_INFOPLIST_FILE = YES;
				INFOPLIST_FILE = VegetableData/Info.plist;
				INFOPLIST_KEY_UIApplicationSupportsIndirectInputEvents = YES;
				INFOPLIST_KEY_UILaunchStoryboardName = LaunchScreen;
				INFOPLIST_KEY_UIMainStoryboardFile = Main;
				INFOPLIST_KEY_UISupportedInterfaceOrientations_iPad = "UIInterfaceOrientationPortrait UIInterfaceOrientationPortraitUpsideDown UIInterfaceOrientationLandscapeLeft UIInterfaceOrientationLandscapeRight";
				INFOPLIST_KEY_UISupportedInterfaceOrientations_iPhone = "UIInterfaceOrientationPortrait UIInterfaceOrientationLandscapeLeft UIInterfaceOrientationLandscapeRight";
				LD_RUNPATH_SEARCH_PATHS = (
					"$(inherited)",
					"@executable_path/Frameworks",
				);
				MARKETING_VERSION = 1.0;
				PRODUCT_BUNDLE_IDENTIFIER = com.sakshiyelmame.VegetableData;
				PRODUCT_NAME = "$(TARGET_NAME)";
				SWIFT_EMIT_LOC_STRINGS = YES;
				SWIFT_VERSION = 5.0;
				TARGETED_DEVICE_FAMILY = "1,2";
			};
			name = Release;
		};
/* End XCBuildConfiguration section */

/* Begin XCConfigurationList section */
		B9F9F68529E683B7002EB6D4 /* Build configuration list for PBXProject "VegetableData" */ = {
			isa = XCConfigurationList;
			buildConfigurations = (
				B9F9F69C29E683B8002EB6D4 /* Debug */,
				B9F9F69D29E683B8002EB6D4 /* Release */,
			);
			defaultConfigurationIsVisible = 0;
			defaultConfigurationName = Release;
		};
		B9F9F69E29E683B8002EB6D4 /* Build configuration list for PBXNativeTarget "VegetableData" */ = {
			isa = XCConfigurationList;
			buildConfigurations = (
				B9F9F69F29E683B8002EB6D4 /* Debug */,
				B9F9F6A029E683B8002EB6D4 /* Release */,
			);
			defaultConfigurationIsVisible = 0;
			defaultConfigurationName = Release;
		};
/* End XCConfigurationList section */
	};
	rootObject = B9F9F68229E683B7002EB6D4 /* Project object */;
}
